
Microsoft Visual Studio Solution File, Format Version 12.00
# Visual Studio Version 16
VisualStudioVersion = 16.0.30517.126
MinimumVisualStudioVersion = 10.0.40219.1
Project("{FAE04EC0-301F-11D3-BF4B-00C04F79EFBC}") = "WpfApp1", "WpfApp1\WpfApp1.csproj", "{51BC79FC-C38B-426B-AFF2-4CE59D614613}"
EndProject
Global
	GlobalSection(SolutionConfigurationPlatforms) = preSolution
		Debug|Any CPU = Debug|Any CPU
		Release|Any CPU = Release|Any CPU
	EndGlobalSection
	GlobalSection(ProjectConfigurationPlatforms) = postSolution
		{51BC79FC-C38B-426B-AFF2-4CE59D614613}.Debug|Any CPU.ActiveCfg = Debug|Any CPU
		{51BC79FC-C38B-426B-AFF2-4CE59D614613}.Debug|Any CPU.Build.0 = Debug|Any CPU
		{51BC79FC-C38B-426B-AFF2-4CE59D614613}.Release|Any CPU.ActiveCfg = Release|Any CPU
		{51BC79FC-C38B-426B-AFF2-4CE59D614613}.Release|Any CPU.Build.0 = Release|Any CPU
	EndGlobalSection
	GlobalSection(SolutionProperties) = preSolution
		HideSolutionNode = FALSE
	EndGlobalSection
	GlobalSection(ExtensibilityGlobals) = postSolution
		SolutionGuid = {616850D5-F063-4D56-B7D1-6505C1A41EFF}
	EndGlobalSection
EndGlobal
